
Microsoft Visual Studio Solution File, Format Version 12.00
# Visual Studio Version 16
VisualStudioVersion = 16.0.29519.181
MinimumVisualStudioVersion = 10.0.40219.1
Project("{FAE04EC0-301F-11D3-BF4B-00C04F79EFBC}") = "Vidly", "Vidly\Vidly.csproj", "{207E3131-CF8E-49CC-A2F2-2DC402174F71}"
EndProject
Global
	GlobalSection(SolutionConfigurationPlatforms) = preSolution
		Debug|Any CPU = Debug|Any CPU
		Release|Any CPU = Release|Any CPU
		Testing|Any CPU = Testing|Any CPU
	EndGlobalSection
	GlobalSection(ProjectConfigurationPlatforms) = postSolution
		{207E3131-CF8E-49CC-A2F2-2DC402174F71}.Debug|Any CPU.ActiveCfg = Debug|Any CPU
		{207E3131-CF8E-49CC-A2F2-2DC402174F71}.Debug|Any CPU.Build.0 = Debug|Any CPU
		{207E3131-CF8E-49CC-A2F2-2DC402174F71}.Release|Any CPU.ActiveCfg = Release|Any CPU
		{207E3131-CF8E-49CC-A2F2-2DC402174F71}.Release|Any CPU.Build.0 = Release|Any CPU
		{207E3131-CF8E-49CC-A2F2-2DC402174F71}.Testing|Any CPU.ActiveCfg = Testing|Any CPU
		{207E3131-CF8E-49CC-A2F2-2DC402174F71}.Testing|Any CPU.Build.0 = Testing|Any CPU
	EndGlobalSection
	GlobalSection(SolutionProperties) = preSolution
		HideSolutionNode = FALSE
	EndGlobalSection
	GlobalSection(ExtensibilityGlobals) = postSolution
		SolutionGuid = {E43A8551-72B8-4C08-B992-7B7F5FAD953C}
	EndGlobalSection
EndGlobal
